// !$*UTF8*$!
{
	archiveVersion = 1;
	classes = {
	};
	objectVersion = 50;
	objects = {

/* Begin PBXBuildFile section */
		18BB71DA210C7171001778BC /* AppDelegate.swift in Sources */ = {isa = PBXBuildFile; fileRef = 18BB71D9210C7171001778BC /* AppDelegate.swift */; };
		18BB71DF210C7171001778BC /* Main.storyboard in Resources */ = {isa = PBXBuildFile; fileRef = 18BB71DD210C7171001778BC /* Main.storyboard */; };
		18BB71E2210C7171001778BC /* NYTArticles.xcdatamodeld in Sources */ = {isa = PBXBuildFile; fileRef = 18BB71E0210C7171001778BC /* NYTArticles.xcdatamodeld */; };
		18BB71E4210C717B001778BC /* Assets.xcassets in Resources */ = {isa = PBXBuildFile; fileRef = 18BB71E3210C717B001778BC /* Assets.xcassets */; };
		18BB71E7210C717B001778BC /* LaunchScreen.storyboard in Resources */ = {isa = PBXBuildFile; fileRef = 18BB71E5210C717B001778BC /* LaunchScreen.storyboard */; };
		18BB71F2210C717B001778BC /* NYTArticlesTests.swift in Sources */ = {isa = PBXBuildFile; fileRef = 18BB71F1210C717B001778BC /* NYTArticlesTests.swift */; };
		18BB71FD210C717B001778BC /* NYTArticlesUITests.swift in Sources */ = {isa = PBXBuildFile; fileRef = 18BB71FC210C717B001778BC /* NYTArticlesUITests.swift */; };
		18BB722F210C8B07001778BC /* MediaMetadata.swift in Sources */ = {isa = PBXBuildFile; fileRef = 18BB722C210C8B07001778BC /* MediaMetadata.swift */; };
		18BB7230210C8B07001778BC /* Article.swift in Sources */ = {isa = PBXBuildFile; fileRef = 18BB722D210C8B07001778BC /* Article.swift */; };
		18BB7231210C8B07001778BC /* Media.swift in Sources */ = {isa = PBXBuildFile; fileRef = 18BB722E210C8B07001778BC /* Media.swift */; };
		18BB7234210C8D8F001778BC /* ArticlesViewController.swift in Sources */ = {isa = PBXBuildFile; fileRef = 18BB7233210C8D8F001778BC /* ArticlesViewController.swift */; };
		18BB723D210C9F94001778BC /* CustomImageView.swift in Sources */ = {isa = PBXBuildFile; fileRef = 18BB723C210C9F94001778BC /* CustomImageView.swift */; };
		18BB723F210CA1D1001778BC /* ArticleCell.swift in Sources */ = {isa = PBXBuildFile; fileRef = 18BB723E210CA1D1001778BC /* ArticleCell.swift */; };
		4FF41807B76E0CE7CC8F7E92 /* Pods_NYTArticlesTests.framework in Frameworks */ = {isa = PBXBuildFile; fileRef = 73673368BF0DE32707586284 /* Pods_NYTArticlesTests.framework */; };
		BFA4CBA402F579BFF9838916 /* Pods_NYTArticles.framework in Frameworks */ = {isa = PBXBuildFile; fileRef = E8CB7E3FA3DE83C86A02C513 /* Pods_NYTArticles.framework */; };
		ED4AB4AF4C90356E456ECB27 /* Pods_NYTArticlesUITests.framework in Frameworks */ = {isa = PBXBuildFile; fileRef = 4B7C91AD8985771E7630D0EF /* Pods_NYTArticlesUITests.framework */; };
/* End PBXBuildFile section */

/* Begin PBXContainerItemProxy section */
		18BB71EE210C717B001778BC /* PBXContainerItemProxy */ = {
			isa = PBXContainerItemProxy;
			containerPortal = 18BB71CE210C7171001778BC /* Project object */;
			proxyType = 1;
			remoteGlobalIDString = 18BB71D5210C7171001778BC;
			remoteInfo = NYTArticles;
		};
		18BB71F9210C717B001778BC /* PBXContainerItemProxy */ = {
			isa = PBXContainerItemProxy;
			containerPortal = 18BB71CE210C7171001778BC /* Project object */;
			proxyType = 1;
			remoteGlobalIDString = 18BB71D5210C7171001778BC;
			remoteInfo = NYTArticles;
		};
/* End PBXContainerItemProxy section */

/* Begin PBXFileReference section */
		130BAB8986662C8A080D6CC7 /* Pods-NYTArticles.debug.xcconfig */ = {isa = PBXFileReference; includeInIndex = 1; lastKnownFileType = text.xcconfig; name = "Pods-NYTArticles.debug.xcconfig"; path = "Pods/Target Support Files/Pods-NYTArticles/Pods-NYTArticles.debug.xcconfig"; sourceTree = "<group>"; };
		18BB71D6210C7171001778BC /* NYTArticles.app */ = {isa = PBXFileReference; explicitFileType = wrapper.application; includeInIndex = 0; path = NYTArticles.app; sourceTree = BUILT_PRODUCTS_DIR; };
		18BB71D9210C7171001778BC /* AppDelegate.swift */ = {isa = PBXFileReference; lastKnownFileType = sourcecode.swift; path = AppDelegate.swift; sourceTree = "<group>"; };
		18BB71DE210C7171001778BC /* Base */ = {isa = PBXFileReference; lastKnownFileType = file.storyboard; name = Base; path = Base.lproj/Main.storyboard; sourceTree = "<group>"; };
		18BB71E1210C7171001778BC /* NYTArticles.xcdatamodel */ = {isa = PBXFileReference; lastKnownFileType = wrapper.xcdatamodel; path = NYTArticles.xcdatamodel; sourceTree = "<group>"; };
		18BB71E3210C717B001778BC /* Assets.xcassets */ = {isa = PBXFileReference; lastKnownFileType = folder.assetcatalog; path = Assets.xcassets; sourceTree = "<group>"; };
		18BB71E6210C717B001778BC /* Base */ = {isa = PBXFileReference; lastKnownFileType = file.storyboard; name = Base; path = Base.lproj/LaunchScreen.storyboard; sourceTree = "<group>"; };
		18BB71E8210C717B001778BC /* Info.plist */ = {isa = PBXFileReference; lastKnownFileType = text.plist.xml; path = Info.plist; sourceTree = "<group>"; };
		18BB71ED210C717B001778BC /* NYTArticlesTests.xctest */ = {isa = PBXFileReference; explicitFileType = wrapper.cfbundle; includeInIndex = 0; path = NYTArticlesTests.xctest; sourceTree = BUILT_PRODUCTS_DIR; };
		18BB71F1210C717B001778BC /* NYTArticlesTests.swift */ = {isa = PBXFileReference; lastKnownFileType = sourcecode.swift; path = NYTArticlesTests.swift; sourceTree = "<group>"; };
		18BB71F3210C717B001778BC /* Info.plist */ = {isa = PBXFileReference; lastKnownFileType = text.plist.xml; path = Info.plist; sourceTree = "<group>"; };
		18BB71F8210C717B001778BC /* NYTArticlesUITests.xctest */ = {isa = PBXFileReference; explicitFileType = wrapper.cfbundle; includeInIndex = 0; path = NYTArticlesUITests.xctest; sourceTree = BUILT_PRODUCTS_DIR; };
		18BB71FC210C717B001778BC /* NYTArticlesUITests.swift */ = {isa = PBXFileReference; lastKnownFileType = sourcecode.swift; path = NYTArticlesUITests.swift; sourceTree = "<group>"; };
		18BB71FE210C717B001778BC /* Info.plist */ = {isa = PBXFileReference; lastKnownFileType = text.plist.xml; path = Info.plist; sourceTree = "<group>"; };
		18BB722C210C8B07001778BC /* MediaMetadata.swift */ = {isa = PBXFileReference; fileEncoding = 4; lastKnownFileType = sourcecode.swift; path = MediaMetadata.swift; sourceTree = "<group>"; };
		18BB722D210C8B07001778BC /* Article.swift */ = {isa = PBXFileReference; fileEncoding = 4; lastKnownFileType = sourcecode.swift; path = Article.swift; sourceTree = "<group>"; };
		18BB722E210C8B07001778BC /* Media.swift */ = {isa = PBXFileReference; fileEncoding = 4; lastKnownFileType = sourcecode.swift; path = Media.swift; sourceTree = "<group>"; };
		18BB7233210C8D8F001778BC /* ArticlesViewController.swift */ = {isa = PBXFileReference; lastKnownFileType = sourcecode.swift; path = ArticlesViewController.swift; sourceTree = "<group>"; };
		18BB723C210C9F94001778BC /* CustomImageView.swift */ = {isa = PBXFileReference; lastKnownFileType = sourcecode.swift; path = CustomImageView.swift; sourceTree = "<group>"; };
		18BB723E210CA1D1001778BC /* ArticleCell.swift */ = {isa = PBXFileReference; lastKnownFileType = sourcecode.swift; path = ArticleCell.swift; sourceTree = "<group>"; };
		4B7C91AD8985771E7630D0EF /* Pods_NYTArticlesUITests.framework */ = {isa = PBXFileReference; explicitFileType = wrapper.framework; includeInIndex = 0; path = Pods_NYTArticlesUITests.framework; sourceTree = BUILT_PRODUCTS_DIR; };
		523EA1A5B4CDC4CE0891751F /* Pods-NYTArticlesUITests.release.xcconfig */ = {isa = PBXFileReference; includeInIndex = 1; lastKnownFileType = text.xcconfig; name = "Pods-NYTArticlesUITests.release.xcconfig"; path = "Pods/Target Support Files/Pods-NYTArticlesUITests/Pods-NYTArticlesUITests.release.xcconfig"; sourceTree = "<group>"; };
		5DC68B295ED4CF291DA35AB9 /* Pods-NYTArticlesUITests.debug.xcconfig */ = {isa = PBXFileReference; includeInIndex = 1; lastKnownFileType = text.xcconfig; name = "Pods-NYTArticlesUITests.debug.xcconfig"; path = "Pods/Target Support Files/Pods-NYTArticlesUITests/Pods-NYTArticlesUITests.debug.xcconfig"; sourceTree = "<group>"; };
		73673368BF0DE32707586284 /* Pods_NYTArticlesTests.framework */ = {isa = PBXFileReference; explicitFileType = wrapper.framework; includeInIndex = 0; path = Pods_NYTArticlesTests.framework; sourceTree = BUILT_PRODUCTS_DIR; };
		A4063B0E8D452301E045F11C /* Pods-NYTArticles.release.xcconfig */ = {isa = PBXFileReference; includeInIndex = 1; lastKnownFileType = text.xcconfig; name = "Pods-NYTArticles.release.xcconfig"; path = "Pods/Target Support Files/Pods-NYTArticles/Pods-NYTArticles.release.xcconfig"; sourceTree = "<group>"; };
		AB16FEC35400894B6D024B07 /* Pods-NYTArticlesTests.debug.xcconfig */ = {isa = PBXFileReference; includeInIndex = 1; lastKnownFileType = text.xcconfig; name = "Pods-NYTArticlesTests.debug.xcconfig"; path = "Pods/Target Support Files/Pods-NYTArticlesTests/Pods-NYTArticlesTests.debug.xcconfig"; sourceTree = "<group>"; };
		CAFF37C94B36D0FC178F1296 /* Pods-NYTArticlesTests.release.xcconfig */ = {isa = PBXFileReference; includeInIndex = 1; lastKnownFileType = text.xcconfig; name = "Pods-NYTArticlesTests.release.xcconfig"; path = "Pods/Target Support Files/Pods-NYTArticlesTests/Pods-NYTArticlesTests.release.xcconfig"; sourceTree = "<group>"; };
		E8CB7E3FA3DE83C86A02C513 /* Pods_NYTArticles.framework */ = {isa = PBXFileReference; explicitFileType = wrapper.framework; includeInIndex = 0; path = Pods_NYTArticles.framework; sourceTree = BUILT_PRODUCTS_DIR; };
/* End PBXFileReference section */

/* Begin PBXFrameworksBuildPhase section */
		18BB71D3210C7171001778BC /* Frameworks */ = {
			isa = PBXFrameworksBuildPhase;
			buildActionMask = 2147483647;
			files = (
				BFA4CBA402F579BFF9838916 /* Pods_NYTArticles.framework in Frameworks */,
			);
			runOnlyForDeploymentPostprocessing = 0;
		};
		18BB71EA210C717B001778BC /* Frameworks */ = {
			isa = PBXFrameworksBuildPhase;
			buildActionMask = 2147483647;
			files = (
				4FF41807B76E0CE7CC8F7E92 /* Pods_NYTArticlesTests.framework in Frameworks */,
			);
			runOnlyForDeploymentPostprocessing = 0;
		};
		18BB71F5210C717B001778BC /* Frameworks */ = {
			isa = PBXFrameworksBuildPhase;
			buildActionMask = 2147483647;
			files = (
				ED4AB4AF4C90356E456ECB27 /* Pods_NYTArticlesUITests.framework in Frameworks */,
			);
			runOnlyForDeploymentPostprocessing = 0;
		};
/* End PBXFrameworksBuildPhase section */

/* Begin PBXGroup section */
		03CC49DC304BBA18134D373B /* Frameworks */ = {
			isa = PBXGroup;
			children = (
				E8CB7E3FA3DE83C86A02C513 /* Pods_NYTArticles.framework */,
				73673368BF0DE32707586284 /* Pods_NYTArticlesTests.framework */,
				4B7C91AD8985771E7630D0EF /* Pods_NYTArticlesUITests.framework */,
			);
			name = Frameworks;
			sourceTree = "<group>";
		};
		18BB71CD210C7171001778BC = {
			isa = PBXGroup;
			children = (
				18BB71D8210C7171001778BC /* NYTArticles */,
				18BB71F0210C717B001778BC /* NYTArticlesTests */,
				18BB71FB210C717B001778BC /* NYTArticlesUITests */,
				18BB71D7210C7171001778BC /* Products */,
				D1BE74479D1CF03F4A8B62DD /* Pods */,
				03CC49DC304BBA18134D373B /* Frameworks */,
			);
			sourceTree = "<group>";
		};
		18BB71D7210C7171001778BC /* Products */ = {
			isa = PBXGroup;
			children = (
				18BB71D6210C7171001778BC /* NYTArticles.app */,
				18BB71ED210C717B001778BC /* NYTArticlesTests.xctest */,
				18BB71F8210C717B001778BC /* NYTArticlesUITests.xctest */,
			);
			name = Products;
			sourceTree = "<group>";
		};
		18BB71D8210C7171001778BC /* NYTArticles */ = {
			isa = PBXGroup;
			children = (
				18BB7237210C91EB001778BC /* CustomClasses */,
				18BB7232210C8D25001778BC /* Controllers */,
				18BB7219210C856B001778BC /* Models */,
				18BB71D9210C7171001778BC /* AppDelegate.swift */,
				18BB71DD210C7171001778BC /* Main.storyboard */,
				18BB71E3210C717B001778BC /* Assets.xcassets */,
				18BB71E5210C717B001778BC /* LaunchScreen.storyboard */,
				18BB71E8210C717B001778BC /* Info.plist */,
				18BB71E0210C7171001778BC /* NYTArticles.xcdatamodeld */,
			);
			path = NYTArticles;
			sourceTree = "<group>";
		};
		18BB71F0210C717B001778BC /* NYTArticlesTests */ = {
			isa = PBXGroup;
			children = (
				18BB71F1210C717B001778BC /* NYTArticlesTests.swift */,
				18BB71F3210C717B001778BC /* Info.plist */,
			);
			path = NYTArticlesTests;
			sourceTree = "<group>";
		};
		18BB71FB210C717B001778BC /* NYTArticlesUITests */ = {
			isa = PBXGroup;
			children = (
				18BB71FC210C717B001778BC /* NYTArticlesUITests.swift */,
				18BB71FE210C717B001778BC /* Info.plist */,
			);
			path = NYTArticlesUITests;
			sourceTree = "<group>";
		};
		18BB7219210C856B001778BC /* Models */ = {
			isa = PBXGroup;
			children = (
				18BB722D210C8B07001778BC /* Article.swift */,
				18BB722E210C8B07001778BC /* Media.swift */,
				18BB722C210C8B07001778BC /* MediaMetadata.swift */,
			);
			path = Models;
			sourceTree = "<group>";
		};
		18BB7232210C8D25001778BC /* Controllers */ = {
			isa = PBXGroup;
			children = (
				18BB7233210C8D8F001778BC /* ArticlesViewController.swift */,
			);
			path = Controllers;
			sourceTree = "<group>";
		};
		18BB7237210C91EB001778BC /* CustomClasses */ = {
			isa = PBXGroup;
			children = (
				18BB723C210C9F94001778BC /* CustomImageView.swift */,
				18BB723E210CA1D1001778BC /* ArticleCell.swift */,
			);
			path = CustomClasses;
			sourceTree = "<group>";
		};
		D1BE74479D1CF03F4A8B62DD /* Pods */ = {
			isa = PBXGroup;
			children = (
				130BAB8986662C8A080D6CC7 /* Pods-NYTArticles.debug.xcconfig */,
				A4063B0E8D452301E045F11C /* Pods-NYTArticles.release.xcconfig */,
				AB16FEC35400894B6D024B07 /* Pods-NYTArticlesTests.debug.xcconfig */,
				CAFF37C94B36D0FC178F1296 /* Pods-NYTArticlesTests.release.xcconfig */,
				5DC68B295ED4CF291DA35AB9 /* Pods-NYTArticlesUITests.debug.xcconfig */,
				523EA1A5B4CDC4CE0891751F /* Pods-NYTArticlesUITests.release.xcconfig */,
			);
			name = Pods;
			sourceTree = "<group>";
		};
/* End PBXGroup section */

/* Begin PBXNativeTarget section */
		18BB71D5210C7171001778BC /* NYTArticles */ = {
			isa = PBXNativeTarget;
			buildConfigurationList = 18BB7201210C717B001778BC /* Build configuration list for PBXNativeTarget "NYTArticles" */;
			buildPhases = (
				C1CED5D1D0050B6624E45A5F /* [CP] Check Pods Manifest.lock */,
				18BB71D2210C7171001778BC /* Sources */,
				18BB71D3210C7171001778BC /* Frameworks */,
				18BB71D4210C7171001778BC /* Resources */,
				F8F9F81CDBF51CC73FF4523E /* [CP] Embed Pods Frameworks */,
			);
			buildRules = (
			);
			dependencies = (
			);
			name = NYTArticles;
			productName = NYTArticles;
			productReference = 18BB71D6210C7171001778BC /* NYTArticles.app */;
			productType = "com.apple.product-type.application";
		};
		18BB71EC210C717B001778BC /* NYTArticlesTests */ = {
			isa = PBXNativeTarget;
			buildConfigurationList = 18BB7204210C717B001778BC /* Build configuration list for PBXNativeTarget "NYTArticlesTests" */;
			buildPhases = (
				ACFDE5806161E5C2FF9FBBA1 /* [CP] Check Pods Manifest.lock */,
				18BB71E9210C717B001778BC /* Sources */,
				18BB71EA210C717B001778BC /* Frameworks */,
				18BB71EB210C717B001778BC /* Resources */,
			);
			buildRules = (
			);
			dependencies = (
				18BB71EF210C717B001778BC /* PBXTargetDependency */,
			);
			name = NYTArticlesTests;
			productName = NYTArticlesTests;
			productReference = 18BB71ED210C717B001778BC /* NYTArticlesTests.xctest */;
			productType = "com.apple.product-type.bundle.unit-test";
		};
		18BB71F7210C717B001778BC /* NYTArticlesUITests */ = {
			isa = PBXNativeTarget;
			buildConfigurationList = 18BB7207210C717B001778BC /* Build configuration list for PBXNativeTarget "NYTArticlesUITests" */;
			buildPhases = (
				1D5E4E96A5671DA17104DC88 /* [CP] Check Pods Manifest.lock */,
				18BB71F4210C717B001778BC /* Sources */,
				18BB71F5210C717B001778BC /* Frameworks */,
				18BB71F6210C717B001778BC /* Resources */,
			);
			buildRules = (
			);
			dependencies = (
				18BB71FA210C717B001778BC /* PBXTargetDependency */,
			);
			name = NYTArticlesUITests;
			productName = NYTArticlesUITests;
			productReference = 18BB71F8210C717B001778BC /* NYTArticlesUITests.xctest */;
			productType = "com.apple.product-type.bundle.ui-testing";
		};
/* End PBXNativeTarget section */

/* Begin PBXProject section */
		18BB71CE210C7171001778BC /* Project object */ = {
			isa = PBXProject;
			attributes = {
				LastSwiftUpdateCheck = 0930;
				LastUpgradeCheck = 0930;
				ORGANIZATIONNAME = Nitin;
				TargetAttributes = {
					18BB71D5210C7171001778BC = {
						CreatedOnToolsVersion = 9.3;
					};
					18BB71EC210C717B001778BC = {
						CreatedOnToolsVersion = 9.3;
						TestTargetID = 18BB71D5210C7171001778BC;
					};
					18BB71F7210C717B001778BC = {
						CreatedOnToolsVersion = 9.3;
						TestTargetID = 18BB71D5210C7171001778BC;
					};
				};
			};
			buildConfigurationList = 18BB71D1210C7171001778BC /* Build configuration list for PBXProject "NYTArticles" */;
			compatibilityVersion = "Xcode 9.3";
			developmentRegion = en;
			hasScannedForEncodings = 0;
			knownRegions = (
				en,
				Base,
			);
			mainGroup = 18BB71CD210C7171001778BC;
			productRefGroup = 18BB71D7210C7171001778BC /* Products */;
			projectDirPath = "";
			projectRoot = "";
			targets = (
				18BB71D5210C7171001778BC /* NYTArticles */,
				18BB71EC210C717B001778BC /* NYTArticlesTests */,
				18BB71F7210C717B001778BC /* NYTArticlesUITests */,
			);
		};
/* End PBXProject section */

/* Begin PBXResourcesBuildPhase section */
		18BB71D4210C7171001778BC /* Resources */ = {
			isa = PBXResourcesBuildPhase;
			buildActionMask = 2147483647;
			files = (
				18BB71E7210C717B001778BC /* LaunchScreen.storyboard in Resources */,
				18BB71E4210C717B001778BC /* Assets.xcassets in Resources */,
				18BB71DF210C7171001778BC /* Main.storyboard in Resources */,
			);
			runOnlyForDeploymentPostprocessing = 0;
		};
		18BB71EB210C717B001778BC /* Resources */ = {
			isa = PBXResourcesBuildPhase;
			buildActionMask = 2147483647;
			files = (
			);
			runOnlyForDeploymentPostprocessing = 0;
		};
		18BB71F6210C717B001778BC /* Resources */ = {
			isa = PBXResourcesBuildPhase;
			buildActionMask = 2147483647;
			files = (
			);
			runOnlyForDeploymentPostprocessing = 0;
		};
/* End PBXResourcesBuildPhase section */

/* Begin PBXShellScriptBuildPhase section */
		1D5E4E96A5671DA17104DC88 /* [CP] Check Pods Manifest.lock */ = {
			isa = PBXShellScriptBuildPhase;
			buildActionMask = 2147483647;
			files = (
			);
			inputPaths = (
				"${PODS_PODFILE_DIR_PATH}/Podfile.lock",
				"${PODS_ROOT}/Manifest.lock",
			);
			name = "[CP] Check Pods Manifest.lock";
			outputPaths = (
				"$(DERIVED_FILE_DIR)/Pods-NYTArticlesUITests-checkManifestLockResult.txt",
			);
			runOnlyForDeploymentPostprocessing = 0;
			shellPath = /bin/sh;
			shellScript = "diff \"${PODS_PODFILE_DIR_PATH}/Podfile.lock\" \"${PODS_ROOT}/Manifest.lock\" > /dev/null\nif [ $? != 0 ] ; then\n    # print error to STDERR\n    echo \"error: The sandbox is not in sync with the Podfile.lock. Run 'pod install' or update your CocoaPods installation.\" >&2\n    exit 1\nfi\n# This output is used by Xcode 'outputs' to avoid re-running this script phase.\necho \"SUCCESS\" > \"${SCRIPT_OUTPUT_FILE_0}\"\n";
			showEnvVarsInLog = 0;
		};
		ACFDE5806161E5C2FF9FBBA1 /* [CP] Check Pods Manifest.lock */ = {
			isa = PBXShellScriptBuildPhase;
			buildActionMask = 2147483647;
			files = (
			);
			inputPaths = (
				"${PODS_PODFILE_DIR_PATH}/Podfile.lock",
				"${PODS_ROOT}/Manifest.lock",
			);
			name = "[CP] Check Pods Manifest.lock";
			outputPaths = (
				"$(DERIVED_FILE_DIR)/Pods-NYTArticlesTests-checkManifestLockResult.txt",
			);
			runOnlyForDeploymentPostprocessing = 0;
			shellPath = /bin/sh;
			shellScript = "diff \"${PODS_PODFILE_DIR_PATH}/Podfile.lock\" \"${PODS_ROOT}/Manifest.lock\" > /dev/null\nif [ $? != 0 ] ; then\n    # print error to STDERR\n    echo \"error: The sandbox is not in sync with the Podfile.lock. Run 'pod install' or update your CocoaPods installation.\" >&2\n    exit 1\nfi\n# This output is used by Xcode 'outputs' to avoid re-running this script phase.\necho \"SUCCESS\" > \"${SCRIPT_OUTPUT_FILE_0}\"\n";
			showEnvVarsInLog = 0;
		};
		C1CED5D1D0050B6624E45A5F /* [CP] Check Pods Manifest.lock */ = {
			isa = PBXShellScriptBuildPhase;
			buildActionMask = 2147483647;
			files = (
			);
			inputPaths = (
				"${PODS_PODFILE_DIR_PATH}/Podfile.lock",
				"${PODS_ROOT}/Manifest.lock",
			);
			name = "[CP] Check Pods Manifest.lock";
			outputPaths = (
				"$(DERIVED_FILE_DIR)/Pods-NYTArticles-checkManifestLockResult.txt",
			);
			runOnlyForDeploymentPostprocessing = 0;
			shellPath = /bin/sh;
			shellScript = "diff \"${PODS_PODFILE_DIR_PATH}/Podfile.lock\" \"${PODS_ROOT}/Manifest.lock\" > /dev/null\nif [ $? != 0 ] ; then\n    # print error to STDERR\n    echo \"error: The sandbox is not in sync with the Podfile.lock. Run 'pod install' or update your CocoaPods installation.\" >&2\n    exit 1\nfi\n# This output is used by Xcode 'outputs' to avoid re-running this script phase.\necho \"SUCCESS\" > \"${SCRIPT_OUTPUT_FILE_0}\"\n";
			showEnvVarsInLog = 0;
		};
		F8F9F81CDBF51CC73FF4523E /* [CP] Embed Pods Frameworks */ = {
			isa = PBXShellScriptBuildPhase;
			buildActionMask = 2147483647;
			files = (
			);
			inputPaths = (
				"${SRCROOT}/Pods/Target Support Files/Pods-NYTArticles/Pods-NYTArticles-frameworks.sh",
				"${BUILT_PRODUCTS_DIR}/Alamofire/Alamofire.framework",
				"${BUILT_PRODUCTS_DIR}/AlamofireObjectMapper/AlamofireObjectMapper.framework",
				"${BUILT_PRODUCTS_DIR}/ObjectMapper/ObjectMapper.framework",
			);
			name = "[CP] Embed Pods Frameworks";
			outputPaths = (
				"${TARGET_BUILD_DIR}/${FRAMEWORKS_FOLDER_PATH}/Alamofire.framework",
				"${TARGET_BUILD_DIR}/${FRAMEWORKS_FOLDER_PATH}/AlamofireObjectMapper.framework",
				"${TARGET_BUILD_DIR}/${FRAMEWORKS_FOLDER_PATH}/ObjectMapper.framework",
			);
			runOnlyForDeploymentPostprocessing = 0;
			shellPath = /bin/sh;
			shellScript = "\"${SRCROOT}/Pods/Target Support Files/Pods-NYTArticles/Pods-NYTArticles-frameworks.sh\"\n";
			showEnvVarsInLog = 0;
		};
/* End PBXShellScriptBuildPhase section */

/* Begin PBXSourcesBuildPhase section */
		18BB71D2210C7171001778BC /* Sources */ = {
			isa = PBXSourcesBuildPhase;
			buildActionMask = 2147483647;
			files = (
				18BB71E2210C7171001778BC /* NYTArticles.xcdatamodeld in Sources */,
				18BB7231210C8B07001778BC /* Media.swift in Sources */,
				18BB7234210C8D8F001778BC /* ArticlesViewController.swift in Sources */,
				18BB71DA210C7171001778BC /* AppDelegate.swift in Sources */,
				18BB722F210C8B07001778BC /* MediaMetadata.swift in Sources */,
				18BB7230210C8B07001778BC /* Article.swift in Sources */,
				18BB723D210C9F94001778BC /* CustomImageView.swift in Sources */,
				18BB723F210CA1D1001778BC /* ArticleCell.swift in Sources */,
			);
			runOnlyForDeploymentPostprocessing = 0;
		};
		18BB71E9210C717B001778BC /* Sources */ = {
			isa = PBXSourcesBuildPhase;
			buildActionMask = 2147483647;
			files = (
				18BB71F2210C717B001778BC /* NYTArticlesTests.swift in Sources */,
			);
			runOnlyForDeploymentPostprocessing = 0;
		};
		18BB71F4210C717B001778BC /* Sources */ = {
			isa = PBXSourcesBuildPhase;
			buildActionMask = 2147483647;
			files = (
				18BB71FD210C717B001778BC /* NYTArticlesUITests.swift in Sources */,
			);
			runOnlyForDeploymentPostprocessing = 0;
		};
/* End PBXSourcesBuildPhase section */

/* Begin PBXTargetDependency section */
		18BB71EF210C717B001778BC /* PBXTargetDependency */ = {
			isa = PBXTargetDependency;
			target = 18BB71D5210C7171001778BC /* NYTArticles */;
			targetProxy = 18BB71EE210C717B001778BC /* PBXContainerItemProxy */;
		};
		18BB71FA210C717B001778BC /* PBXTargetDependency */ = {
			isa = PBXTargetDependency;
			target = 18BB71D5210C7171001778BC /* NYTArticles */;
			targetProxy = 18BB71F9210C717B001778BC /* PBXContainerItemProxy */;
		};
/* End PBXTargetDependency section */

/* Begin PBXVariantGroup section */
		18BB71DD210C7171001778BC /* Main.storyboard */ = {
			isa = PBXVariantGroup;
			children = (
				18BB71DE210C7171001778BC /* Base */,
			);
			name = Main.storyboard;
			sourceTree = "<group>";
		};
		18BB71E5210C717B001778BC /* LaunchScreen.storyboard */ = {
			isa = PBXVariantGroup;
			children = (
				18BB71E6210C717B001778BC /* Base */,
			);
			name = LaunchScreen.storyboard;
			sourceTree = "<group>";
		};
/* End PBXVariantGroup section */

/* Begin XCBuildConfiguration section */
		18BB71FF210C717B001778BC /* Debug */ = {
			isa = XCBuildConfiguration;
			buildSettings = {
				ALWAYS_SEARCH_USER_PATHS = NO;
				CLANG_ANALYZER_NONNULL = YES;
				CLANG_ANALYZER_NUMBER_OBJECT_CONVERSION = YES_AGGRESSIVE;
				CLANG_CXX_LANGUAGE_STANDARD = "gnu++14";
				CLANG_CXX_LIBRARY = "libc++";
				CLANG_ENABLE_MODULES = YES;
				CLANG_ENABLE_OBJC_ARC = YES;
				CLANG_ENABLE_OBJC_WEAK = YES;
				CLANG_WARN_BLOCK_CAPTURE_AUTORELEASING = YES;
				CLANG_WARN_BOOL_CONVERSION = YES;
				CLANG_WARN_COMMA = YES;
				CLANG_WARN_CONSTANT_CONVERSION = YES;
				CLANG_WARN_DEPRECATED_OBJC_IMPLEMENTATIONS = YES;
				CLANG_WARN_DIRECT_OBJC_ISA_USAGE = YES_ERROR;
				CLANG_WARN_DOCUMENTATION_COMMENTS = YES;
				CLANG_WARN_EMPTY_BODY = YES;
				CLANG_WARN_ENUM_CONVERSION = YES;
				CLANG_WARN_INFINITE_RECURSION = YES;
				CLANG_WARN_INT_CONVERSION = YES;
				CLANG_WARN_NON_LITERAL_NULL_CONVERSION = YES;
				CLANG_WARN_OBJC_IMPLICIT_RETAIN_SELF = YES;
				CLANG_WARN_OBJC_LITERAL_CONVERSION = YES;
				CLANG_WARN_OBJC_ROOT_CLASS = YES_ERROR;
				CLANG_WARN_RANGE_LOOP_ANALYSIS = YES;
				CLANG_WARN_STRICT_PROTOTYPES = YES;
				CLANG_WARN_SUSPICIOUS_MOVE = YES;
				CLANG_WARN_UNGUARDED_AVAILABILITY = YES_AGGRESSIVE;
				CLANG_WARN_UNREACHABLE_CODE = YES;
				CLANG_WARN__DUPLICATE_METHOD_MATCH = YES;
				CODE_SIGN_IDENTITY = "iPhone Developer";
				COPY_PHASE_STRIP = NO;
				DEBUG_INFORMATION_FORMAT = dwarf;
				ENABLE_STRICT_OBJC_MSGSEND = YES;
				ENABLE_TESTABILITY = YES;
				GCC_C_LANGUAGE_STANDARD = gnu11;
				GCC_DYNAMIC_NO_PIC = NO;
				GCC_NO_COMMON_BLOCKS = YES;
				GCC_OPTIMIZATION_LEVEL = 0;
				GCC_PREPROCESSOR_DEFINITIONS = (
					"DEBUG=1",
					"$(inherited)",
				);
				GCC_WARN_64_TO_32_BIT_CONVERSION = YES;
				GCC_WARN_ABOUT_RETURN_TYPE = YES_ERROR;
				GCC_WARN_UNDECLARED_SELECTOR = YES;
				GCC_WARN_UNINITIALIZED_AUTOS = YES_AGGRESSIVE;
				GCC_WARN_UNUSED_FUNCTION = YES;
				GCC_WARN_UNUSED_VARIABLE = YES;
				IPHONEOS_DEPLOYMENT_TARGET = 11.3;
				MTL_ENABLE_DEBUG_INFO = YES;
				ONLY_ACTIVE_ARCH = YES;
				SDKROOT = iphoneos;
				SWIFT_ACTIVE_COMPILATION_CONDITIONS = DEBUG;
				SWIFT_OPTIMIZATION_LEVEL = "-Onone";
			};
			name = Debug;
		};
		18BB7200210C717B001778BC /* Release */ = {
			isa = XCBuildConfiguration;
			buildSettings = {
				ALWAYS_SEARCH_USER_PATHS = NO;
				CLANG_ANALYZER_NONNULL = YES;
				CLANG_ANALYZER_NUMBER_OBJECT_CONVERSION = YES_AGGRESSIVE;
				CLANG_CXX_LANGUAGE_STANDARD = "gnu++14";
				CLANG_CXX_LIBRARY = "libc++";
				CLANG_ENABLE_MODULES = YES;
				CLANG_ENABLE_OBJC_ARC = YES;
				CLANG_ENABLE_OBJC_WEAK = YES;
				CLANG_WARN_BLOCK_CAPTURE_AUTORELEASING = YES;
				CLANG_WARN_BOOL_CONVERSION = YES;
				CLANG_WARN_COMMA = YES;
				CLANG_WARN_CONSTANT_CONVERSION = YES;
				CLANG_WARN_DEPRECATED_OBJC_IMPLEMENTATIONS = YES;
				CLANG_WARN_DIRECT_OBJC_ISA_USAGE = YES_ERROR;
				CLANG_WARN_DOCUMENTATION_COMMENTS = YES;
				CLANG_WARN_EMPTY_BODY = YES;
				CLANG_WARN_ENUM_CONVERSION = YES;
				CLANG_WARN_INFINITE_RECURSION = YES;
				CLANG_WARN_INT_CONVERSION = YES;
				CLANG_WARN_NON_LITERAL_NULL_CONVERSION = YES;
				CLANG_WARN_OBJC_IMPLICIT_RETAIN_SELF = YES;
				CLANG_WARN_OBJC_LITERAL_CONVERSION = YES;
				CLANG_WARN_OBJC_ROOT_CLASS = YES_ERROR;
				CLANG_WARN_RANGE_LOOP_ANALYSIS = YES;
				CLANG_WARN_STRICT_PROTOTYPES = YES;
				CLANG_WARN_SUSPICIOUS_MOVE = YES;
				CLANG_WARN_UNGUARDED_AVAILABILITY = YES_AGGRESSIVE;
				CLANG_WARN_UNREACHABLE_CODE = YES;
				CLANG_WARN__DUPLICATE_METHOD_MATCH = YES;
				CODE_SIGN_IDENTITY = "iPhone Developer";
				COPY_PHASE_STRIP = NO;
				DEBUG_INFORMATION_FORMAT = "dwarf-with-dsym";
				ENABLE_NS_ASSERTIONS = NO;
				ENABLE_STRICT_OBJC_MSGSEND = YES;
				GCC_C_LANGUAGE_STANDARD = gnu11;
				GCC_NO_COMMON_BLOCKS = YES;
				GCC_WARN_64_TO_32_BIT_CONVERSION = YES;
				GCC_WARN_ABOUT_RETURN_TYPE = YES_ERROR;
				GCC_WARN_UNDECLARED_SELECTOR = YES;
				GCC_WARN_UNINITIALIZED_AUTOS = YES_AGGRESSIVE;
				GCC_WARN_UNUSED_FUNCTION = YES;
				GCC_WARN_UNUSED_VARIABLE = YES;
				IPHONEOS_DEPLOYMENT_TARGET = 11.3;
				MTL_ENABLE_DEBUG_INFO = NO;
				SDKROOT = iphoneos;
				SWIFT_COMPILATION_MODE = wholemodule;
				SWIFT_OPTIMIZATION_LEVEL = "-O";
				VALIDATE_PRODUCT = YES;
			};
			name = Release;
		};
		18BB7202210C717B001778BC /* Debug */ = {
			isa = XCBuildConfiguration;
			baseConfigurationReference = 130BAB8986662C8A080D6CC7 /* Pods-NYTArticles.debug.xcconfig */;
			buildSettings = {
				ASSETCATALOG_COMPILER_APPICON_NAME = AppIcon;
				CODE_SIGN_STYLE = Automatic;
				INFOPLIST_FILE = NYTArticles/Info.plist;
				LD_RUNPATH_SEARCH_PATHS = (
					"$(inherited)",
					"@executable_path/Frameworks",
				);
				PRODUCT_BUNDLE_IDENTIFIER = com.anon.pickme.NYTArticles;
				PRODUCT_NAME = "$(TARGET_NAME)";
				SWIFT_VERSION = 4.0;
				TARGETED_DEVICE_FAMILY = "1,2";
			};
			name = Debug;
		};
		18BB7203210C717B001778BC /* Release */ = {
			isa = XCBuildConfiguration;
			baseConfigurationReference = A4063B0E8D452301E045F11C /* Pods-NYTArticles.release.xcconfig */;
			buildSettings = {
				ASSETCATALOG_COMPILER_APPICON_NAME = AppIcon;
				CODE_SIGN_STYLE = Automatic;
				INFOPLIST_FILE = NYTArticles/Info.plist;
				LD_RUNPATH_SEARCH_PATHS = (
					"$(inherited)",
					"@executable_path/Frameworks",
				);
				PRODUCT_BUNDLE_IDENTIFIER = com.anon.pickme.NYTArticles;
				PRODUCT_NAME = "$(TARGET_NAME)";
				SWIFT_VERSION = 4.0;
				TARGETED_DEVICE_FAMILY = "1,2";
			};
			name = Release;
		};
		18BB7205210C717B001778BC /* Debug */ = {
			isa = XCBuildConfiguration;
			baseConfigurationReference = AB16FEC35400894B6D024B07 /* Pods-NYTArticlesTests.debug.xcconfig */;
			buildSettings = {
				ALWAYS_EMBED_SWIFT_STANDARD_LIBRARIES = YES;
				BUNDLE_LOADER = "$(TEST_HOST)";
				CODE_SIGN_STYLE = Automatic;
				INFOPLIST_FILE = NYTArticlesTests/Info.plist;
				LD_RUNPATH_SEARCH_PATHS = (
					"$(inherited)",
					"@executable_path/Frameworks",
					"@loader_path/Frameworks",
				);
				PRODUCT_BUNDLE_IDENTIFIER = com.anon.pickme.NYTArticlesTests;
				PRODUCT_NAME = "$(TARGET_NAME)";
				SWIFT_VERSION = 4.0;
				TARGETED_DEVICE_FAMILY = "1,2";
				TEST_HOST = "$(BUILT_PRODUCTS_DIR)/NYTArticles.app/NYTArticles";
			};
			name = Debug;
		};
		18BB7206210C717B001778BC /* Release */ = {
			isa = XCBuildConfiguration;
			baseConfigurationReference = CAFF37C94B36D0FC178F1296 /* Pods-NYTArticlesTests.release.xcconfig */;
			buildSettings = {
				ALWAYS_EMBED_SWIFT_STANDARD_LIBRARIES = YES;
				BUNDLE_LOADER = "$(TEST_HOST)";
				CODE_SIGN_STYLE = Automatic;
				INFOPLIST_FILE = NYTArticlesTests/Info.plist;
				LD_RUNPATH_SEARCH_PATHS = (
					"$(inherited)",
					"@executable_path/Frameworks",
					"@loader_path/Frameworks",
				);
				PRODUCT_BUNDLE_IDENTIFIER = com.anon.pickme.NYTArticlesTests;
				PRODUCT_NAME = "$(TARGET_NAME)";
				SWIFT_VERSION = 4.0;
				TARGETED_DEVICE_FAMILY = "1,2";
				TEST_HOST = "$(BUILT_PRODUCTS_DIR)/NYTArticles.app/NYTArticles";
			};
			name = Release;
		};
		18BB7208210C717B001778BC /* Debug */ = {
			isa = XCBuildConfiguration;
			baseConfigurationReference = 5DC68B295ED4CF291DA35AB9 /* Pods-NYTArticlesUITests.debug.xcconfig */;
			buildSettings = {
				ALWAYS_EMBED_SWIFT_STANDARD_LIBRARIES = YES;
				CODE_SIGN_STYLE = Automatic;
				INFOPLIST_FILE = NYTArticlesUITests/Info.plist;
				LD_RUNPATH_SEARCH_PATHS = (
					"$(inherited)",
					"@executable_path/Frameworks",
					"@loader_path/Frameworks",
				);
				PRODUCT_BUNDLE_IDENTIFIER = com.anon.pickme.NYTArticlesUITests;
				PRODUCT_NAME = "$(TARGET_NAME)";
				SWIFT_VERSION = 4.0;
				TARGETED_DEVICE_FAMILY = "1,2";
				TEST_TARGET_NAME = NYTArticles;
			};
			name = Debug;
		};
		18BB7209210C717B001778BC /* Release */ = {
			isa = XCBuildConfiguration;
			baseConfigurationReference = 523EA1A5B4CDC4CE0891751F /* Pods-NYTArticlesUITests.release.xcconfig */;
			buildSettings = {
				ALWAYS_EMBED_SWIFT_STANDARD_LIBRARIES = YES;
				CODE_SIGN_STYLE = Automatic;
				INFOPLIST_FILE = NYTArticlesUITests/Info.plist;
				LD_RUNPATH_SEARCH_PATHS = (
					"$(inherited)",
					"@executable_path/Frameworks",
					"@loader_path/Frameworks",
				);
				PRODUCT_BUNDLE_IDENTIFIER = com.anon.pickme.NYTArticlesUITests;
				PRODUCT_NAME = "$(TARGET_NAME)";
				SWIFT_VERSION = 4.0;
				TARGETED_DEVICE_FAMILY = "1,2";
				TEST_TARGET_NAME = NYTArticles;
			};
			name = Release;
		};
/* End XCBuildConfiguration section */

/* Begin XCConfigurationList section */
		18BB71D1210C7171001778BC /* Build configuration list for PBXProject "NYTArticles" */ = {
			isa = XCConfigurationList;
			buildConfigurations = (
				18BB71FF210C717B001778BC /* Debug */,
				18BB7200210C717B001778BC /* Release */,
			);
			defaultConfigurationIsVisible = 0;
			defaultConfigurationName = Release;
		};
		18BB7201210C717B001778BC /* Build configuration list for PBXNativeTarget "NYTArticles" */ = {
			isa = XCConfigurationList;
			buildConfigurations = (
				18BB7202210C717B001778BC /* Debug */,
				18BB7203210C717B001778BC /* Release */,
			);
			defaultConfigurationIsVisible = 0;
			defaultConfigurationName = Release;
		};
		18BB7204210C717B001778BC /* Build configuration list for PBXNativeTarget "NYTArticlesTests" */ = {
			isa = XCConfigurationList;
			buildConfigurations = (
				18BB7205210C717B001778BC /* Debug */,
				18BB7206210C717B001778BC /* Release */,
			);
			defaultConfigurationIsVisible = 0;
			defaultConfigurationName = Release;
		};
		18BB7207210C717B001778BC /* Build configuration list for PBXNativeTarget "NYTArticlesUITests" */ = {
			isa = XCConfigurationList;
			buildConfigurations = (
				18BB7208210C717B001778BC /* Debug */,
				18BB7209210C717B001778BC /* Release */,
			);
			defaultConfigurationIsVisible = 0;
			defaultConfigurationName = Release;
		};
/* End XCConfigurationList section */

/* Begin XCVersionGroup section */
		18BB71E0210C7171001778BC /* NYTArticles.xcdatamodeld */ = {
			isa = XCVersionGroup;
			children = (
				18BB71E1210C7171001778BC /* NYTArticles.xcdatamodel */,
			);
			currentVersion = 18BB71E1210C7171001778BC /* NYTArticles.xcdatamodel */;
			path = NYTArticles.xcdatamodeld;
			sourceTree = "<group>";
			versionGroupType = wrapper.xcdatamodel;
		};
/* End XCVersionGroup section */
	};
	rootObject = 18BB71CE210C7171001778BC /* Project object */;
}
